
Microsoft Visual Studio Solution File, Format Version 12.00
# Visual Studio Version 17
VisualStudioVersion = 17.5.33414.496
MinimumVisualStudioVersion = 10.0.40219.1
Project("{2150E333-8FDC-42A3-9474-1A3956D46DE8}") = ".nuget", ".nuget", "{7D2C5B12-22AD-450A-9EB9-A97ED432E9D6}"
	ProjectSection(SolutionItems) = preProject
		.nuget\nuget.config = .nuget\nuget.config
	EndProjectSection
EndProject
Project("{FAE04EC0-301F-11D3-BF4B-00C04F79EFBC}") = "Psp.Adapters", "Psp.Adapters\Psp.Adapters.csproj", "{8C5F7DC5-373F-43B3-9621-413EAF5A674B}"
EndProject
Project("{FAE04EC0-301F-11D3-BF4B-00C04F79EFBC}") = "Psp.Adapters.UnitTests", "Psp.Adapters.UnitTests\Psp.Adapters.UnitTests.csproj", "{93F055D8-668A-48EB-9019-6980B8A04C42}"
EndProject
Project("{FAE04EC0-301F-11D3-BF4B-00C04F79EFBC}") = "Psp.Notification.Host", "Psp.Notification.Host\Psp.Notification.Host.csproj", "{49C1AB2C-91FD-46DD-A793-0FF925C95C6A}"
EndProject
Project("{FAE04EC0-301F-11D3-BF4B-00C04F79EFBC}") = "Psp.Redirect.Host", "Psp.Redirect.Host\Psp.Redirect.Host.csproj", "{B6155C18-A0F5-49A8-9A2D-031DA21CC8E8}"
EndProject
Project("{FAE04EC0-301F-11D3-BF4B-00C04F79EFBC}") = "Psp.Web.Common", "Psp.Web.Common\Psp.Web.Common.csproj", "{2912ED25-881D-4696-98B2-E6F75FA20D24}"
EndProject
Project("{FAE04EC0-301F-11D3-BF4B-00C04F79EFBC}") = "Psp.Adapters.Host", "Psp.Adapters.Host\Psp.Adapters.Host.csproj", "{37A33151-552A-4D1B-AAC2-94D2AF8753FF}"
EndProject
Project("{FAE04EC0-301F-11D3-BF4B-00C04F79EFBC}") = "Psp.Web.Common.UnitTests", "Psp.Web.Common.UnitTests\Psp.Web.Common.UnitTests.csproj", "{435B67C4-3072-4E64-A546-B6E66FD0C622}"
EndProject
Project("{FAE04EC0-301F-11D3-BF4B-00C04F79EFBC}") = "Psp.MessageDispatch.Service", "Psp.MessageDispatch.Service\Psp.MessageDispatch.Service.csproj", "{59A9BFBF-38D3-4A28-8E29-CDB5D05923AD}"
EndProject
Project("{FAE04EC0-301F-11D3-BF4B-00C04F79EFBC}") = "Psp.MessageDispatchService.UnitTests", "Psp.MessageDispatchService.UnitTests\Psp.MessageDispatchService.UnitTests.csproj", "{C215DB0F-9D33-48DC-8FC7-4CC347C13A1C}"
EndProject
Project("{FAE04EC0-301F-11D3-BF4B-00C04F79EFBC}") = "Psp.UnitTests.Common", "Psp.UnitTests.Common\Psp.UnitTests.Common.csproj", "{93195B8E-FEE3-412A-9FDF-49CDDCA6B884}"
EndProject
Project("{FAE04EC0-301F-11D3-BF4B-00C04F79EFBC}") = "Psp.DatabaseScripts", "Psp.DatabaseScripts\Psp.DatabaseScripts.csproj", "{2FBECA64-A0BA-4C0E-9182-9941F8C719A3}"
EndProject
Project("{FAE04EC0-301F-11D3-BF4B-00C04F79EFBC}") = "Psp.Adapters.Settings", "Psp.Adapters.Settings\Psp.Adapters.Settings.csproj", "{3282B70F-3F7E-457C-85A5-A0487BE8E960}"
EndProject
Project("{2150E333-8FDC-42A3-9474-1A3956D46DE8}") = "Solution Items", "Solution Items", "{75095113-C548-4E59-8044-A62FB135B1E7}"
	ProjectSection(SolutionItems) = preProject
		.editorconfig = .editorconfig
		..\GlobalAssemblyInfo.cs = ..\GlobalAssemblyInfo.cs
		..\GlobalAssemblyInfoShared.cs = ..\GlobalAssemblyInfoShared.cs
		..\GlobalAssemblyInfoTest.cs = ..\GlobalAssemblyInfoTest.cs
		Psp.sln.DotSettings = Psp.sln.DotSettings
	EndProjectSection
EndProject
Project("{FAE04EC0-301F-11D3-BF4B-00C04F79EFBC}") = "Psp.Core", "Psp.Core\Psp.Core.csproj", "{6E452D98-F6DC-4C9B-8F1D-6ED491972CEC}"
EndProject
Project("{FAE04EC0-301F-11D3-BF4B-00C04F79EFBC}") = "Psp.Core.UnitTests", "Psp.Core.UnitTests\Psp.Core.UnitTests.csproj", "{F9459705-A9C8-4474-A701-F1E444AE3996}"
EndProject
Project("{FAE04EC0-301F-11D3-BF4B-00C04F79EFBC}") = "Psp.Adapters.Facade", "Psp.Adapters.Facade\Psp.Adapters.Facade.csproj", "{3D44A541-1313-45EC-B229-0C5809BC4FA1}"
EndProject
Project("{2150E333-8FDC-42A3-9474-1A3956D46DE8}") = "Testing", "Testing", "{40D6E47D-7A18-4922-8D3F-26EC557D84D5}"
EndProject
Project("{FAE04EC0-301F-11D3-BF4B-00C04F79EFBC}") = "Psp.Adapters.Facade.UnitTests", "Psp.Adapters.Facade.UnitTests\Psp.Adapters.Facade.UnitTests.csproj", "{FA7064D7-4F4D-42EC-BC99-5E60526A8EFD}"
EndProject
Project("{FAE04EC0-301F-11D3-BF4B-00C04F79EFBC}") = "Psp.VirtualBanks", "Psp.VirtualBanks\Psp.VirtualBanks.csproj", "{9EC13799-48BD-47FA-A0FA-99C1E33C450B}"
EndProject
Project("{FAE04EC0-301F-11D3-BF4B-00C04F79EFBC}") = "Psp.VirtualBanks.UnitTests", "Psp.VirtualBanks.UnitTests\Psp.VirtualBanks.UnitTests.csproj", "{A5F403FF-4341-43E5-8FBF-1956648A5D89}"
EndProject
Project("{FAE04EC0-301F-11D3-BF4B-00C04F79EFBC}") = "Psp.Multitenancy", "Psp.Multitenancy\Psp.Multitenancy.csproj", "{27E921BB-C010-4B83-9E11-5514BEFDBEF2}"
EndProject
Project("{FAE04EC0-301F-11D3-BF4B-00C04F79EFBC}") = "Psp.Multitenancy.UnitTests", "Psp.Multitenancy.UnitTests\Psp.Multitenancy.UnitTests.csproj", "{B2CB3A88-AB12-466B-9335-B0D7A48B6782}"
EndProject
Project("{FAE04EC0-301F-11D3-BF4B-00C04F79EFBC}") = "Psp.MessageDispatch.RabbitMq.Service.UnitTests", "Psp.MessageDispatch.RabbitMq.Service.UnitTests\Psp.MessageDispatch.RabbitMq.Service.UnitTests.csproj", "{18CE71E0-BCE4-46E9-B387-A8891111FF5A}"
EndProject
Project("{FAE04EC0-301F-11D3-BF4B-00C04F79EFBC}") = "Psp.MessageDispatch.RabbitMq.Service", "Psp.MessageDispatch.RabbitMq.Service\Psp.MessageDispatch.RabbitMq.Service.csproj", "{1ECAB889-8A89-4B66-9AAC-6AFC8D9FB930}"
EndProject
Global
	GlobalSection(SolutionConfigurationPlatforms) = preSolution
		CI|Any CPU = CI|Any CPU
		Debug|Any CPU = Debug|Any CPU
		Release|Any CPU = Release|Any CPU
		Release-BG-Prod|Any CPU = Release-BG-Prod|Any CPU
		Release-GE-Prod|Any CPU = Release-GE-Prod|Any CPU
		Release-Noak-Prod|Any CPU = Release-Noak-Prod|Any CPU
		Release-QA|Any CPU = Release-QA|Any CPU
		Release-QA-PSP|Any CPU = Release-QA-PSP|Any CPU
		Release-QA-Test|Any CPU = Release-QA-Test|Any CPU
		Release-Test|Any CPU = Release-Test|Any CPU
	EndGlobalSection
	GlobalSection(ProjectConfigurationPlatforms) = postSolution
		{8C5F7DC5-373F-43B3-9621-413EAF5A674B}.CI|Any CPU.ActiveCfg = Debug|Any CPU
		{8C5F7DC5-373F-43B3-9621-413EAF5A674B}.CI|Any CPU.Build.0 = Debug|Any CPU
		{8C5F7DC5-373F-43B3-9621-413EAF5A674B}.Debug|Any CPU.ActiveCfg = Debug|Any CPU
		{8C5F7DC5-373F-43B3-9621-413EAF5A674B}.Debug|Any CPU.Build.0 = Debug|Any CPU
		{8C5F7DC5-373F-43B3-9621-413EAF5A674B}.Release|Any CPU.ActiveCfg = Release|Any CPU
		{8C5F7DC5-373F-43B3-9621-413EAF5A674B}.Release|Any CPU.Build.0 = Release|Any CPU
		{8C5F7DC5-373F-43B3-9621-413EAF5A674B}.Release-BG-Prod|Any CPU.ActiveCfg = Release|Any CPU
		{8C5F7DC5-373F-43B3-9621-413EAF5A674B}.Release-BG-Prod|Any CPU.Build.0 = Release|Any CPU
		{8C5F7DC5-373F-43B3-9621-413EAF5A674B}.Release-GE-Prod|Any CPU.ActiveCfg = Release-GE-Prod|Any CPU
		{8C5F7DC5-373F-43B3-9621-413EAF5A674B}.Release-GE-Prod|Any CPU.Build.0 = Release-GE-Prod|Any CPU
		{8C5F7DC5-373F-43B3-9621-413EAF5A674B}.Release-Noak-Prod|Any CPU.ActiveCfg = Release|Any CPU
		{8C5F7DC5-373F-43B3-9621-413EAF5A674B}.Release-Noak-Prod|Any CPU.Build.0 = Release|Any CPU
		{8C5F7DC5-373F-43B3-9621-413EAF5A674B}.Release-QA|Any CPU.ActiveCfg = Release-QA|Any CPU
		{8C5F7DC5-373F-43B3-9621-413EAF5A674B}.Release-QA|Any CPU.Build.0 = Release-QA|Any CPU
		{8C5F7DC5-373F-43B3-9621-413EAF5A674B}.Release-QA-PSP|Any CPU.ActiveCfg = Release-QA-Test|Any CPU
		{8C5F7DC5-373F-43B3-9621-413EAF5A674B}.Release-QA-PSP|Any CPU.Build.0 = Release-QA-Test|Any CPU
		{8C5F7DC5-373F-43B3-9621-413EAF5A674B}.Release-QA-Test|Any CPU.ActiveCfg = Release-QA-Test|Any CPU
		{8C5F7DC5-373F-43B3-9621-413EAF5A674B}.Release-QA-Test|Any CPU.Build.0 = Release-QA-Test|Any CPU
		{8C5F7DC5-373F-43B3-9621-413EAF5A674B}.Release-Test|Any CPU.ActiveCfg = Release-Test|Any CPU
		{8C5F7DC5-373F-43B3-9621-413EAF5A674B}.Release-Test|Any CPU.Build.0 = Release-Test|Any CPU
		{93F055D8-668A-48EB-9019-6980B8A04C42}.CI|Any CPU.ActiveCfg = Debug|Any CPU
		{93F055D8-668A-48EB-9019-6980B8A04C42}.CI|Any CPU.Build.0 = Debug|Any CPU
		{93F055D8-668A-48EB-9019-6980B8A04C42}.Debug|Any CPU.ActiveCfg = Debug|Any CPU
		{93F055D8-668A-48EB-9019-6980B8A04C42}.Debug|Any CPU.Build.0 = Debug|Any CPU
		{93F055D8-668A-48EB-9019-6980B8A04C42}.Release|Any CPU.ActiveCfg = Release|Any CPU
		{93F055D8-668A-48EB-9019-6980B8A04C42}.Release|Any CPU.Build.0 = Release|Any CPU
		{93F055D8-668A-48EB-9019-6980B8A04C42}.Release-BG-Prod|Any CPU.ActiveCfg = Release|Any CPU
		{93F055D8-668A-48EB-9019-6980B8A04C42}.Release-BG-Prod|Any CPU.Build.0 = Release|Any CPU
		{93F055D8-668A-48EB-9019-6980B8A04C42}.Release-GE-Prod|Any CPU.ActiveCfg = Release-GE-Prod|Any CPU
		{93F055D8-668A-48EB-9019-6980B8A04C42}.Release-GE-Prod|Any CPU.Build.0 = Release-GE-Prod|Any CPU
		{93F055D8-668A-48EB-9019-6980B8A04C42}.Release-Noak-Prod|Any CPU.ActiveCfg = Release|Any CPU
		{93F055D8-668A-48EB-9019-6980B8A04C42}.Release-Noak-Prod|Any CPU.Build.0 = Release|Any CPU
		{93F055D8-668A-48EB-9019-6980B8A04C42}.Release-QA|Any CPU.ActiveCfg = Release|Any CPU
		{93F055D8-668A-48EB-9019-6980B8A04C42}.Release-QA|Any CPU.Build.0 = Release|Any CPU
		{93F055D8-668A-48EB-9019-6980B8A04C42}.Release-QA-PSP|Any CPU.ActiveCfg = Release|Any CPU
		{93F055D8-668A-48EB-9019-6980B8A04C42}.Release-QA-PSP|Any CPU.Build.0 = Release|Any CPU
		{93F055D8-668A-48EB-9019-6980B8A04C42}.Release-QA-Test|Any CPU.ActiveCfg = Release-QA-Test|Any CPU
		{93F055D8-668A-48EB-9019-6980B8A04C42}.Release-QA-Test|Any CPU.Build.0 = Release-QA-Test|Any CPU
		{93F055D8-668A-48EB-9019-6980B8A04C42}.Release-Test|Any CPU.ActiveCfg = Release-Test|Any CPU
		{93F055D8-668A-48EB-9019-6980B8A04C42}.Release-Test|Any CPU.Build.0 = Release-Test|Any CPU
		{49C1AB2C-91FD-46DD-A793-0FF925C95C6A}.CI|Any CPU.ActiveCfg = Debug|Any CPU
		{49C1AB2C-91FD-46DD-A793-0FF925C95C6A}.CI|Any CPU.Build.0 = Debug|Any CPU
		{49C1AB2C-91FD-46DD-A793-0FF925C95C6A}.Debug|Any CPU.ActiveCfg = Debug|Any CPU
		{49C1AB2C-91FD-46DD-A793-0FF925C95C6A}.Debug|Any CPU.Build.0 = Debug|Any CPU
		{49C1AB2C-91FD-46DD-A793-0FF925C95C6A}.Release|Any CPU.ActiveCfg = Release-QA-Test|Any CPU
		{49C1AB2C-91FD-46DD-A793-0FF925C95C6A}.Release|Any CPU.Build.0 = Release-QA-Test|Any CPU
		{49C1AB2C-91FD-46DD-A793-0FF925C95C6A}.Release-BG-Prod|Any CPU.ActiveCfg = Release-BG-Prod|Any CPU
		{49C1AB2C-91FD-46DD-A793-0FF925C95C6A}.Release-BG-Prod|Any CPU.Build.0 = Release-BG-Prod|Any CPU
		{49C1AB2C-91FD-46DD-A793-0FF925C95C6A}.Release-GE-Prod|Any CPU.ActiveCfg = Release-DK-Prod|Any CPU
		{49C1AB2C-91FD-46DD-A793-0FF925C95C6A}.Release-GE-Prod|Any CPU.Build.0 = Release-DK-Prod|Any CPU
		{49C1AB2C-91FD-46DD-A793-0FF925C95C6A}.Release-Noak-Prod|Any CPU.ActiveCfg = Release-Noak-Prod|Any CPU
		{49C1AB2C-91FD-46DD-A793-0FF925C95C6A}.Release-Noak-Prod|Any CPU.Build.0 = Release-Noak-Prod|Any CPU
		{49C1AB2C-91FD-46DD-A793-0FF925C95C6A}.Release-QA|Any CPU.ActiveCfg = Release-QA|Any CPU
		{49C1AB2C-91FD-46DD-A793-0FF925C95C6A}.Release-QA|Any CPU.Build.0 = Release-QA|Any CPU
		{49C1AB2C-91FD-46DD-A793-0FF925C95C6A}.Release-QA-PSP|Any CPU.ActiveCfg = Release-QA-PSP|Any CPU
		{49C1AB2C-91FD-46DD-A793-0FF925C95C6A}.Release-QA-PSP|Any CPU.Build.0 = Release-QA-PSP|Any CPU
		{49C1AB2C-91FD-46DD-A793-0FF925C95C6A}.Release-QA-Test|Any CPU.ActiveCfg = Release-QA-Test|Any CPU
		{49C1AB2C-91FD-46DD-A793-0FF925C95C6A}.Release-QA-Test|Any CPU.Build.0 = Release-QA-Test|Any CPU
		{49C1AB2C-91FD-46DD-A793-0FF925C95C6A}.Release-Test|Any CPU.ActiveCfg = Release-Test|Any CPU
		{49C1AB2C-91FD-46DD-A793-0FF925C95C6A}.Release-Test|Any CPU.Build.0 = Release-Test|Any CPU
		{B6155C18-A0F5-49A8-9A2D-031DA21CC8E8}.CI|Any CPU.ActiveCfg = Debug|Any CPU
		{B6155C18-A0F5-49A8-9A2D-031DA21CC8E8}.CI|Any CPU.Build.0 = Debug|Any CPU
		{B6155C18-A0F5-49A8-9A2D-031DA21CC8E8}.Debug|Any CPU.ActiveCfg = Debug|Any CPU
		{B6155C18-A0F5-49A8-9A2D-031DA21CC8E8}.Debug|Any CPU.Build.0 = Debug|Any CPU
		{B6155C18-A0F5-49A8-9A2D-031DA21CC8E8}.Release|Any CPU.ActiveCfg = Release-QA-Test|Any CPU
		{B6155C18-A0F5-49A8-9A2D-031DA21CC8E8}.Release|Any CPU.Build.0 = Release-QA-Test|Any CPU
		{B6155C18-A0F5-49A8-9A2D-031DA21CC8E8}.Release-BG-Prod|Any CPU.ActiveCfg = Release-BG-Prod|Any CPU
		{B6155C18-A0F5-49A8-9A2D-031DA21CC8E8}.Release-BG-Prod|Any CPU.Build.0 = Release-BG-Prod|Any CPU
		{B6155C18-A0F5-49A8-9A2D-031DA21CC8E8}.Release-GE-Prod|Any CPU.ActiveCfg = Release-DK-Prod|Any CPU
		{B6155C18-A0F5-49A8-9A2D-031DA21CC8E8}.Release-GE-Prod|Any CPU.Build.0 = Release-DK-Prod|Any CPU
		{B6155C18-A0F5-49A8-9A2D-031DA21CC8E8}.Release-Noak-Prod|Any CPU.ActiveCfg = Release-Noak-Prod|Any CPU
		{B6155C18-A0F5-49A8-9A2D-031DA21CC8E8}.Release-Noak-Prod|Any CPU.Build.0 = Release-Noak-Prod|Any CPU
		{B6155C18-A0F5-49A8-9A2D-031DA21CC8E8}.Release-QA|Any CPU.ActiveCfg = Release-QA|Any CPU
		{B6155C18-A0F5-49A8-9A2D-031DA21CC8E8}.Release-QA|Any CPU.Build.0 = Release-QA|Any CPU
		{B6155C18-A0F5-49A8-9A2D-031DA21CC8E8}.Release-QA-PSP|Any CPU.ActiveCfg = Release-QA-PSP|Any CPU
		{B6155C18-A0F5-49A8-9A2D-031DA21CC8E8}.Release-QA-PSP|Any CPU.Build.0 = Release-QA-PSP|Any CPU
		{B6155C18-A0F5-49A8-9A2D-031DA21CC8E8}.Release-QA-Test|Any CPU.ActiveCfg = Release-QA-Test|Any CPU
		{B6155C18-A0F5-49A8-9A2D-031DA21CC8E8}.Release-QA-Test|Any CPU.Build.0 = Release-QA-Test|Any CPU
		{B6155C18-A0F5-49A8-9A2D-031DA21CC8E8}.Release-Test|Any CPU.ActiveCfg = Release-Test|Any CPU
		{B6155C18-A0F5-49A8-9A2D-031DA21CC8E8}.Release-Test|Any CPU.Build.0 = Release-Test|Any CPU
		{2912ED25-881D-4696-98B2-E6F75FA20D24}.CI|Any CPU.ActiveCfg = Debug|Any CPU
		{2912ED25-881D-4696-98B2-E6F75FA20D24}.CI|Any CPU.Build.0 = Debug|Any CPU
		{2912ED25-881D-4696-98B2-E6F75FA20D24}.Debug|Any CPU.ActiveCfg = Debug|Any CPU
		{2912ED25-881D-4696-98B2-E6F75FA20D24}.Debug|Any CPU.Build.0 = Debug|Any CPU
		{2912ED25-881D-4696-98B2-E6F75FA20D24}.Release|Any CPU.ActiveCfg = Release|Any CPU
		{2912ED25-881D-4696-98B2-E6F75FA20D24}.Release|Any CPU.Build.0 = Release|Any CPU
		{2912ED25-881D-4696-98B2-E6F75FA20D24}.Release-BG-Prod|Any CPU.ActiveCfg = Release|Any CPU
		{2912ED25-881D-4696-98B2-E6F75FA20D24}.Release-BG-Prod|Any CPU.Build.0 = Release|Any CPU
		{2912ED25-881D-4696-98B2-E6F75FA20D24}.Release-GE-Prod|Any CPU.ActiveCfg = Release-GE-Prod|Any CPU
		{2912ED25-881D-4696-98B2-E6F75FA20D24}.Release-GE-Prod|Any CPU.Build.0 = Release-GE-Prod|Any CPU
		{2912ED25-881D-4696-98B2-E6F75FA20D24}.Release-Noak-Prod|Any CPU.ActiveCfg = Release|Any CPU
		{2912ED25-881D-4696-98B2-E6F75FA20D24}.Release-Noak-Prod|Any CPU.Build.0 = Release|Any CPU
		{2912ED25-881D-4696-98B2-E6F75FA20D24}.Release-QA|Any CPU.ActiveCfg = Release|Any CPU
		{2912ED25-881D-4696-98B2-E6F75FA20D24}.Release-QA|Any CPU.Build.0 = Release|Any CPU
		{2912ED25-881D-4696-98B2-E6F75FA20D24}.Release-QA-PSP|Any CPU.ActiveCfg = Release|Any CPU
		{2912ED25-881D-4696-98B2-E6F75FA20D24}.Release-QA-PSP|Any CPU.Build.0 = Release|Any CPU
		{2912ED25-881D-4696-98B2-E6F75FA20D24}.Release-QA-Test|Any CPU.ActiveCfg = Release-QA-Test|Any CPU
		{2912ED25-881D-4696-98B2-E6F75FA20D24}.Release-QA-Test|Any CPU.Build.0 = Release-QA-Test|Any CPU
		{2912ED25-881D-4696-98B2-E6F75FA20D24}.Release-Test|Any CPU.ActiveCfg = Release-Test|Any CPU
		{2912ED25-881D-4696-98B2-E6F75FA20D24}.Release-Test|Any CPU.Build.0 = Release-Test|Any CPU
		{37A33151-552A-4D1B-AAC2-94D2AF8753FF}.CI|Any CPU.ActiveCfg = CI|Any CPU
		{37A33151-552A-4D1B-AAC2-94D2AF8753FF}.CI|Any CPU.Build.0 = CI|Any CPU
		{37A33151-552A-4D1B-AAC2-94D2AF8753FF}.Debug|Any CPU.ActiveCfg = Debug|Any CPU
		{37A33151-552A-4D1B-AAC2-94D2AF8753FF}.Debug|Any CPU.Build.0 = Debug|Any CPU
		{37A33151-552A-4D1B-AAC2-94D2AF8753FF}.Release|Any CPU.ActiveCfg = Release-QA-Test|Any CPU
		{37A33151-552A-4D1B-AAC2-94D2AF8753FF}.Release|Any CPU.Build.0 = Release-QA-Test|Any CPU
		{37A33151-552A-4D1B-AAC2-94D2AF8753FF}.Release-BG-Prod|Any CPU.ActiveCfg = Release-BG-Prod|Any CPU
		{37A33151-552A-4D1B-AAC2-94D2AF8753FF}.Release-BG-Prod|Any CPU.Build.0 = Release-BG-Prod|Any CPU
		{37A33151-552A-4D1B-AAC2-94D2AF8753FF}.Release-GE-Prod|Any CPU.ActiveCfg = Release-GE-Prod|Any CPU
		{37A33151-552A-4D1B-AAC2-94D2AF8753FF}.Release-GE-Prod|Any CPU.Build.0 = Release-GE-Prod|Any CPU
		{37A33151-552A-4D1B-AAC2-94D2AF8753FF}.Release-Noak-Prod|Any CPU.ActiveCfg = Release-Noak-Prod|Any CPU
		{37A33151-552A-4D1B-AAC2-94D2AF8753FF}.Release-Noak-Prod|Any CPU.Build.0 = Release-Noak-Prod|Any CPU
		{37A33151-552A-4D1B-AAC2-94D2AF8753FF}.Release-QA|Any CPU.ActiveCfg = Release-QA|Any CPU
		{37A33151-552A-4D1B-AAC2-94D2AF8753FF}.Release-QA|Any CPU.Build.0 = Release-QA|Any CPU
		{37A33151-552A-4D1B-AAC2-94D2AF8753FF}.Release-QA-PSP|Any CPU.ActiveCfg = Release-QA-PSP|Any CPU
		{37A33151-552A-4D1B-AAC2-94D2AF8753FF}.Release-QA-PSP|Any CPU.Build.0 = Release-QA-PSP|Any CPU
		{37A33151-552A-4D1B-AAC2-94D2AF8753FF}.Release-QA-Test|Any CPU.ActiveCfg = Release-QA-Test|Any CPU
		{37A33151-552A-4D1B-AAC2-94D2AF8753FF}.Release-QA-Test|Any CPU.Build.0 = Release-QA-Test|Any CPU
		{37A33151-552A-4D1B-AAC2-94D2AF8753FF}.Release-Test|Any CPU.ActiveCfg = Release-Test|Any CPU
		{37A33151-552A-4D1B-AAC2-94D2AF8753FF}.Release-Test|Any CPU.Build.0 = Release-Test|Any CPU
		{435B67C4-3072-4E64-A546-B6E66FD0C622}.CI|Any CPU.ActiveCfg = Debug|Any CPU
		{435B67C4-3072-4E64-A546-B6E66FD0C622}.CI|Any CPU.Build.0 = Debug|Any CPU
		{435B67C4-3072-4E64-A546-B6E66FD0C622}.Debug|Any CPU.ActiveCfg = Debug|Any CPU
		{435B67C4-3072-4E64-A546-B6E66FD0C622}.Debug|Any CPU.Build.0 = Debug|Any CPU
		{435B67C4-3072-4E64-A546-B6E66FD0C622}.Release|Any CPU.ActiveCfg = Release|Any CPU
		{435B67C4-3072-4E64-A546-B6E66FD0C622}.Release|Any CPU.Build.0 = Release|Any CPU
		{435B67C4-3072-4E64-A546-B6E66FD0C622}.Release-BG-Prod|Any CPU.ActiveCfg = Release|Any CPU
		{435B67C4-3072-4E64-A546-B6E66FD0C622}.Release-BG-Prod|Any CPU.Build.0 = Release|Any CPU
		{435B67C4-3072-4E64-A546-B6E66FD0C622}.Release-GE-Prod|Any CPU.ActiveCfg = Release-GE-Prod|Any CPU
		{435B67C4-3072-4E64-A546-B6E66FD0C622}.Release-GE-Prod|Any CPU.Build.0 = Release-GE-Prod|Any CPU
		{435B67C4-3072-4E64-A546-B6E66FD0C622}.Release-Noak-Prod|Any CPU.ActiveCfg = Release|Any CPU
		{435B67C4-3072-4E64-A546-B6E66FD0C622}.Release-Noak-Prod|Any CPU.Build.0 = Release|Any CPU
		{435B67C4-3072-4E64-A546-B6E66FD0C622}.Release-QA|Any CPU.ActiveCfg = Release|Any CPU
		{435B67C4-3072-4E64-A546-B6E66FD0C622}.Release-QA|Any CPU.Build.0 = Release|Any CPU
		{435B67C4-3072-4E64-A546-B6E66FD0C622}.Release-QA-PSP|Any CPU.ActiveCfg = Release|Any CPU
		{435B67C4-3072-4E64-A546-B6E66FD0C622}.Release-QA-PSP|Any CPU.Build.0 = Release|Any CPU
		{435B67C4-3072-4E64-A546-B6E66FD0C622}.Release-QA-Test|Any CPU.ActiveCfg = Release-QA-Test|Any CPU
		{435B67C4-3072-4E64-A546-B6E66FD0C622}.Release-QA-Test|Any CPU.Build.0 = Release-QA-Test|Any CPU
		{435B67C4-3072-4E64-A546-B6E66FD0C622}.Release-Test|Any CPU.ActiveCfg = Release-Test|Any CPU
		{435B67C4-3072-4E64-A546-B6E66FD0C622}.Release-Test|Any CPU.Build.0 = Release-Test|Any CPU
		{59A9BFBF-38D3-4A28-8E29-CDB5D05923AD}.CI|Any CPU.ActiveCfg = Debug|Any CPU
		{59A9BFBF-38D3-4A28-8E29-CDB5D05923AD}.CI|Any CPU.Build.0 = Debug|Any CPU
		{59A9BFBF-38D3-4A28-8E29-CDB5D05923AD}.Debug|Any CPU.ActiveCfg = Debug|Any CPU
		{59A9BFBF-38D3-4A28-8E29-CDB5D05923AD}.Debug|Any CPU.Build.0 = Debug|Any CPU
		{59A9BFBF-38D3-4A28-8E29-CDB5D05923AD}.Release|Any CPU.ActiveCfg = Release-QA|Any CPU
		{59A9BFBF-38D3-4A28-8E29-CDB5D05923AD}.Release|Any CPU.Build.0 = Release-QA|Any CPU
		{59A9BFBF-38D3-4A28-8E29-CDB5D05923AD}.Release-BG-Prod|Any CPU.ActiveCfg = Release-BG-Prod|Any CPU
		{59A9BFBF-38D3-4A28-8E29-CDB5D05923AD}.Release-BG-Prod|Any CPU.Build.0 = Release-BG-Prod|Any CPU
		{59A9BFBF-38D3-4A28-8E29-CDB5D05923AD}.Release-GE-Prod|Any CPU.ActiveCfg = Release-GE-Prod|Any CPU
		{59A9BFBF-38D3-4A28-8E29-CDB5D05923AD}.Release-GE-Prod|Any CPU.Build.0 = Release-GE-Prod|Any CPU
		{59A9BFBF-38D3-4A28-8E29-CDB5D05923AD}.Release-Noak-Prod|Any CPU.ActiveCfg = Release-Noak-Prod|Any CPU
		{59A9BFBF-38D3-4A28-8E29-CDB5D05923AD}.Release-Noak-Prod|Any CPU.Build.0 = Release-Noak-Prod|Any CPU
		{59A9BFBF-38D3-4A28-8E29-CDB5D05923AD}.Release-QA|Any CPU.ActiveCfg = Release-QA|Any CPU
		{59A9BFBF-38D3-4A28-8E29-CDB5D05923AD}.Release-QA|Any CPU.Build.0 = Release-QA|Any CPU
		{59A9BFBF-38D3-4A28-8E29-CDB5D05923AD}.Release-QA-PSP|Any CPU.ActiveCfg = Release-QA-PSP|Any CPU
		{59A9BFBF-38D3-4A28-8E29-CDB5D05923AD}.Release-QA-PSP|Any CPU.Build.0 = Release-QA-PSP|Any CPU
		{59A9BFBF-38D3-4A28-8E29-CDB5D05923AD}.Release-QA-Test|Any CPU.ActiveCfg = Release-QA-PSP|Any CPU
		{59A9BFBF-38D3-4A28-8E29-CDB5D05923AD}.Release-QA-Test|Any CPU.Build.0 = Release-QA-PSP|Any CPU
		{59A9BFBF-38D3-4A28-8E29-CDB5D05923AD}.Release-Test|Any CPU.ActiveCfg = Release-Test|Any CPU
		{59A9BFBF-38D3-4A28-8E29-CDB5D05923AD}.Release-Test|Any CPU.Build.0 = Release-Test|Any CPU
		{C215DB0F-9D33-48DC-8FC7-4CC347C13A1C}.CI|Any CPU.ActiveCfg = Debug|Any CPU
		{C215DB0F-9D33-48DC-8FC7-4CC347C13A1C}.CI|Any CPU.Build.0 = Debug|Any CPU
		{C215DB0F-9D33-48DC-8FC7-4CC347C13A1C}.Debug|Any CPU.ActiveCfg = Debug|Any CPU
		{C215DB0F-9D33-48DC-8FC7-4CC347C13A1C}.Debug|Any CPU.Build.0 = Debug|Any CPU
		{C215DB0F-9D33-48DC-8FC7-4CC347C13A1C}.Release|Any CPU.ActiveCfg = Release|Any CPU
		{C215DB0F-9D33-48DC-8FC7-4CC347C13A1C}.Release|Any CPU.Build.0 = Release|Any CPU
		{C215DB0F-9D33-48DC-8FC7-4CC347C13A1C}.Release-BG-Prod|Any CPU.ActiveCfg = Release|Any CPU
		{C215DB0F-9D33-48DC-8FC7-4CC347C13A1C}.Release-BG-Prod|Any CPU.Build.0 = Release|Any CPU
		{C215DB0F-9D33-48DC-8FC7-4CC347C13A1C}.Release-GE-Prod|Any CPU.ActiveCfg = Release-GE-Prod|Any CPU
		{C215DB0F-9D33-48DC-8FC7-4CC347C13A1C}.Release-GE-Prod|Any CPU.Build.0 = Release-GE-Prod|Any CPU
		{C215DB0F-9D33-48DC-8FC7-4CC347C13A1C}.Release-Noak-Prod|Any CPU.ActiveCfg = Release|Any CPU
		{C215DB0F-9D33-48DC-8FC7-4CC347C13A1C}.Release-Noak-Prod|Any CPU.Build.0 = Release|Any CPU
		{C215DB0F-9D33-48DC-8FC7-4CC347C13A1C}.Release-QA|Any CPU.ActiveCfg = Release|Any CPU
		{C215DB0F-9D33-48DC-8FC7-4CC347C13A1C}.Release-QA|Any CPU.Build.0 = Release|Any CPU
		{C215DB0F-9D33-48DC-8FC7-4CC347C13A1C}.Release-QA-PSP|Any CPU.ActiveCfg = Release|Any CPU
		{C215DB0F-9D33-48DC-8FC7-4CC347C13A1C}.Release-QA-PSP|Any CPU.Build.0 = Release|Any CPU
		{C215DB0F-9D33-48DC-8FC7-4CC347C13A1C}.Release-QA-Test|Any CPU.ActiveCfg = Release-QA-Test|Any CPU
		{C215DB0F-9D33-48DC-8FC7-4CC347C13A1C}.Release-QA-Test|Any CPU.Build.0 = Release-QA-Test|Any CPU
		{C215DB0F-9D33-48DC-8FC7-4CC347C13A1C}.Release-Test|Any CPU.ActiveCfg = Release-Test|Any CPU
		{C215DB0F-9D33-48DC-8FC7-4CC347C13A1C}.Release-Test|Any CPU.Build.0 = Release-Test|Any CPU
		{93195B8E-FEE3-412A-9FDF-49CDDCA6B884}.CI|Any CPU.ActiveCfg = Debug|Any CPU
		{93195B8E-FEE3-412A-9FDF-49CDDCA6B884}.CI|Any CPU.Build.0 = Debug|Any CPU
		{93195B8E-FEE3-412A-9FDF-49CDDCA6B884}.Debug|Any CPU.ActiveCfg = Debug|Any CPU
		{93195B8E-FEE3-412A-9FDF-49CDDCA6B884}.Debug|Any CPU.Build.0 = Debug|Any CPU
		{93195B8E-FEE3-412A-9FDF-49CDDCA6B884}.Release|Any CPU.ActiveCfg = Release|Any CPU
		{93195B8E-FEE3-412A-9FDF-49CDDCA6B884}.Release|Any CPU.Build.0 = Release|Any CPU
		{93195B8E-FEE3-412A-9FDF-49CDDCA6B884}.Release-BG-Prod|Any CPU.ActiveCfg = Release|Any CPU
		{93195B8E-FEE3-412A-9FDF-49CDDCA6B884}.Release-BG-Prod|Any CPU.Build.0 = Release|Any CPU
		{93195B8E-FEE3-412A-9FDF-49CDDCA6B884}.Release-GE-Prod|Any CPU.ActiveCfg = Release-GE-Prod|Any CPU
		{93195B8E-FEE3-412A-9FDF-49CDDCA6B884}.Release-GE-Prod|Any CPU.Build.0 = Release-GE-Prod|Any CPU
		{93195B8E-FEE3-412A-9FDF-49CDDCA6B884}.Release-Noak-Prod|Any CPU.ActiveCfg = Release|Any CPU
		{93195B8E-FEE3-412A-9FDF-49CDDCA6B884}.Release-Noak-Prod|Any CPU.Build.0 = Release|Any CPU
		{93195B8E-FEE3-412A-9FDF-49CDDCA6B884}.Release-QA|Any CPU.ActiveCfg = Release|Any CPU
		{93195B8E-FEE3-412A-9FDF-49CDDCA6B884}.Release-QA|Any CPU.Build.0 = Release|Any CPU
		{93195B8E-FEE3-412A-9FDF-49CDDCA6B884}.Release-QA-PSP|Any CPU.ActiveCfg = Release|Any CPU
		{93195B8E-FEE3-412A-9FDF-49CDDCA6B884}.Release-QA-PSP|Any CPU.Build.0 = Release|Any CPU
		{93195B8E-FEE3-412A-9FDF-49CDDCA6B884}.Release-QA-Test|Any CPU.ActiveCfg = Release-QA-Test|Any CPU
		{93195B8E-FEE3-412A-9FDF-49CDDCA6B884}.Release-QA-Test|Any CPU.Build.0 = Release-QA-Test|Any CPU
		{93195B8E-FEE3-412A-9FDF-49CDDCA6B884}.Release-Test|Any CPU.ActiveCfg = Release-Test|Any CPU
		{93195B8E-FEE3-412A-9FDF-49CDDCA6B884}.Release-Test|Any CPU.Build.0 = Release-Test|Any CPU
		{2FBECA64-A0BA-4C0E-9182-9941F8C719A3}.CI|Any CPU.ActiveCfg = Debug|Any CPU
		{2FBECA64-A0BA-4C0E-9182-9941F8C719A3}.CI|Any CPU.Build.0 = Debug|Any CPU
		{2FBECA64-A0BA-4C0E-9182-9941F8C719A3}.Debug|Any CPU.ActiveCfg = Debug|Any CPU
		{2FBECA64-A0BA-4C0E-9182-9941F8C719A3}.Debug|Any CPU.Build.0 = Debug|Any CPU
		{2FBECA64-A0BA-4C0E-9182-9941F8C719A3}.Release|Any CPU.ActiveCfg = Release|Any CPU
		{2FBECA64-A0BA-4C0E-9182-9941F8C719A3}.Release|Any CPU.Build.0 = Release|Any CPU
		{2FBECA64-A0BA-4C0E-9182-9941F8C719A3}.Release-BG-Prod|Any CPU.ActiveCfg = Release|Any CPU
		{2FBECA64-A0BA-4C0E-9182-9941F8C719A3}.Release-BG-Prod|Any CPU.Build.0 = Release|Any CPU
		{2FBECA64-A0BA-4C0E-9182-9941F8C719A3}.Release-GE-Prod|Any CPU.ActiveCfg = Release-GE-Prod|Any CPU
		{2FBECA64-A0BA-4C0E-9182-9941F8C719A3}.Release-GE-Prod|Any CPU.Build.0 = Release-GE-Prod|Any CPU
		{2FBECA64-A0BA-4C0E-9182-9941F8C719A3}.Release-Noak-Prod|Any CPU.ActiveCfg = Release|Any CPU
		{2FBECA64-A0BA-4C0E-9182-9941F8C719A3}.Release-Noak-Prod|Any CPU.Build.0 = Release|Any CPU
		{2FBECA64-A0BA-4C0E-9182-9941F8C719A3}.Release-QA|Any CPU.ActiveCfg = Release|Any CPU
		{2FBECA64-A0BA-4C0E-9182-9941F8C719A3}.Release-QA|Any CPU.Build.0 = Release|Any CPU
		{2FBECA64-A0BA-4C0E-9182-9941F8C719A3}.Release-QA-PSP|Any CPU.ActiveCfg = Release|Any CPU
		{2FBECA64-A0BA-4C0E-9182-9941F8C719A3}.Release-QA-PSP|Any CPU.Build.0 = Release|Any CPU
		{2FBECA64-A0BA-4C0E-9182-9941F8C719A3}.Release-QA-Test|Any CPU.ActiveCfg = Release-QA-Test|Any CPU
		{2FBECA64-A0BA-4C0E-9182-9941F8C719A3}.Release-QA-Test|Any CPU.Build.0 = Release-QA-Test|Any CPU
		{2FBECA64-A0BA-4C0E-9182-9941F8C719A3}.Release-Test|Any CPU.ActiveCfg = Release-Test|Any CPU
		{2FBECA64-A0BA-4C0E-9182-9941F8C719A3}.Release-Test|Any CPU.Build.0 = Release-Test|Any CPU
		{3282B70F-3F7E-457C-85A5-A0487BE8E960}.CI|Any CPU.ActiveCfg = Debug|Any CPU
		{3282B70F-3F7E-457C-85A5-A0487BE8E960}.CI|Any CPU.Build.0 = Debug|Any CPU
		{3282B70F-3F7E-457C-85A5-A0487BE8E960}.Debug|Any CPU.ActiveCfg = Debug|Any CPU
		{3282B70F-3F7E-457C-85A5-A0487BE8E960}.Debug|Any CPU.Build.0 = Debug|Any CPU
		{3282B70F-3F7E-457C-85A5-A0487BE8E960}.Release|Any CPU.ActiveCfg = Release|Any CPU
		{3282B70F-3F7E-457C-85A5-A0487BE8E960}.Release|Any CPU.Build.0 = Release|Any CPU
		{3282B70F-3F7E-457C-85A5-A0487BE8E960}.Release-BG-Prod|Any CPU.ActiveCfg = Release|Any CPU
		{3282B70F-3F7E-457C-85A5-A0487BE8E960}.Release-BG-Prod|Any CPU.Build.0 = Release|Any CPU
		{3282B70F-3F7E-457C-85A5-A0487BE8E960}.Release-GE-Prod|Any CPU.ActiveCfg = Release-GE-Prod|Any CPU
		{3282B70F-3F7E-457C-85A5-A0487BE8E960}.Release-GE-Prod|Any CPU.Build.0 = Release-GE-Prod|Any CPU
		{3282B70F-3F7E-457C-85A5-A0487BE8E960}.Release-Noak-Prod|Any CPU.ActiveCfg = Release|Any CPU
		{3282B70F-3F7E-457C-85A5-A0487BE8E960}.Release-Noak-Prod|Any CPU.Build.0 = Release|Any CPU
		{3282B70F-3F7E-457C-85A5-A0487BE8E960}.Release-QA|Any CPU.ActiveCfg = Release|Any CPU
		{3282B70F-3F7E-457C-85A5-A0487BE8E960}.Release-QA|Any CPU.Build.0 = Release|Any CPU
		{3282B70F-3F7E-457C-85A5-A0487BE8E960}.Release-QA-PSP|Any CPU.ActiveCfg = Release|Any CPU
		{3282B70F-3F7E-457C-85A5-A0487BE8E960}.Release-QA-PSP|Any CPU.Build.0 = Release|Any CPU
		{3282B70F-3F7E-457C-85A5-A0487BE8E960}.Release-QA-Test|Any CPU.ActiveCfg = Release-QA-Test|Any CPU
		{3282B70F-3F7E-457C-85A5-A0487BE8E960}.Release-QA-Test|Any CPU.Build.0 = Release-QA-Test|Any CPU
		{3282B70F-3F7E-457C-85A5-A0487BE8E960}.Release-Test|Any CPU.ActiveCfg = Release-Test|Any CPU
		{3282B70F-3F7E-457C-85A5-A0487BE8E960}.Release-Test|Any CPU.Build.0 = Release-Test|Any CPU
		{6E452D98-F6DC-4C9B-8F1D-6ED491972CEC}.CI|Any CPU.ActiveCfg = Debug|Any CPU
		{6E452D98-F6DC-4C9B-8F1D-6ED491972CEC}.CI|Any CPU.Build.0 = Debug|Any CPU
		{6E452D98-F6DC-4C9B-8F1D-6ED491972CEC}.Debug|Any CPU.ActiveCfg = Debug|Any CPU
		{6E452D98-F6DC-4C9B-8F1D-6ED491972CEC}.Debug|Any CPU.Build.0 = Debug|Any CPU
		{6E452D98-F6DC-4C9B-8F1D-6ED491972CEC}.Release|Any CPU.ActiveCfg = Release|Any CPU
		{6E452D98-F6DC-4C9B-8F1D-6ED491972CEC}.Release|Any CPU.Build.0 = Release|Any CPU
		{6E452D98-F6DC-4C9B-8F1D-6ED491972CEC}.Release-BG-Prod|Any CPU.ActiveCfg = Release|Any CPU
		{6E452D98-F6DC-4C9B-8F1D-6ED491972CEC}.Release-BG-Prod|Any CPU.Build.0 = Release|Any CPU
		{6E452D98-F6DC-4C9B-8F1D-6ED491972CEC}.Release-GE-Prod|Any CPU.ActiveCfg = Release|Any CPU
		{6E452D98-F6DC-4C9B-8F1D-6ED491972CEC}.Release-GE-Prod|Any CPU.Build.0 = Release|Any CPU
		{6E452D98-F6DC-4C9B-8F1D-6ED491972CEC}.Release-Noak-Prod|Any CPU.ActiveCfg = Release|Any CPU
		{6E452D98-F6DC-4C9B-8F1D-6ED491972CEC}.Release-Noak-Prod|Any CPU.Build.0 = Release|Any CPU
		{6E452D98-F6DC-4C9B-8F1D-6ED491972CEC}.Release-QA|Any CPU.ActiveCfg = Release|Any CPU
		{6E452D98-F6DC-4C9B-8F1D-6ED491972CEC}.Release-QA|Any CPU.Build.0 = Release|Any CPU
		{6E452D98-F6DC-4C9B-8F1D-6ED491972CEC}.Release-QA-PSP|Any CPU.ActiveCfg = Release|Any CPU
		{6E452D98-F6DC-4C9B-8F1D-6ED491972CEC}.Release-QA-PSP|Any CPU.Build.0 = Release|Any CPU
		{6E452D98-F6DC-4C9B-8F1D-6ED491972CEC}.Release-QA-Test|Any CPU.ActiveCfg = Release|Any CPU
		{6E452D98-F6DC-4C9B-8F1D-6ED491972CEC}.Release-QA-Test|Any CPU.Build.0 = Release|Any CPU
		{6E452D98-F6DC-4C9B-8F1D-6ED491972CEC}.Release-Test|Any CPU.ActiveCfg = Release|Any CPU
		{6E452D98-F6DC-4C9B-8F1D-6ED491972CEC}.Release-Test|Any CPU.Build.0 = Release|Any CPU
		{F9459705-A9C8-4474-A701-F1E444AE3996}.CI|Any CPU.ActiveCfg = Debug|Any CPU
		{F9459705-A9C8-4474-A701-F1E444AE3996}.CI|Any CPU.Build.0 = Debug|Any CPU
		{F9459705-A9C8-4474-A701-F1E444AE3996}.Debug|Any CPU.ActiveCfg = Debug|Any CPU
		{F9459705-A9C8-4474-A701-F1E444AE3996}.Debug|Any CPU.Build.0 = Debug|Any CPU
		{F9459705-A9C8-4474-A701-F1E444AE3996}.Release|Any CPU.ActiveCfg = Release|Any CPU
		{F9459705-A9C8-4474-A701-F1E444AE3996}.Release|Any CPU.Build.0 = Release|Any CPU
		{F9459705-A9C8-4474-A701-F1E444AE3996}.Release-BG-Prod|Any CPU.ActiveCfg = Release|Any CPU
		{F9459705-A9C8-4474-A701-F1E444AE3996}.Release-BG-Prod|Any CPU.Build.0 = Release|Any CPU
		{F9459705-A9C8-4474-A701-F1E444AE3996}.Release-GE-Prod|Any CPU.ActiveCfg = Release|Any CPU
		{F9459705-A9C8-4474-A701-F1E444AE3996}.Release-GE-Prod|Any CPU.Build.0 = Release|Any CPU
		{F9459705-A9C8-4474-A701-F1E444AE3996}.Release-Noak-Prod|Any CPU.ActiveCfg = Release|Any CPU
		{F9459705-A9C8-4474-A701-F1E444AE3996}.Release-Noak-Prod|Any CPU.Build.0 = Release|Any CPU
		{F9459705-A9C8-4474-A701-F1E444AE3996}.Release-QA|Any CPU.ActiveCfg = Release|Any CPU
		{F9459705-A9C8-4474-A701-F1E444AE3996}.Release-QA|Any CPU.Build.0 = Release|Any CPU
		{F9459705-A9C8-4474-A701-F1E444AE3996}.Release-QA-PSP|Any CPU.ActiveCfg = Release|Any CPU
		{F9459705-A9C8-4474-A701-F1E444AE3996}.Release-QA-PSP|Any CPU.Build.0 = Release|Any CPU
		{F9459705-A9C8-4474-A701-F1E444AE3996}.Release-QA-Test|Any CPU.ActiveCfg = Release|Any CPU
		{F9459705-A9C8-4474-A701-F1E444AE3996}.Release-QA-Test|Any CPU.Build.0 = Release|Any CPU
		{F9459705-A9C8-4474-A701-F1E444AE3996}.Release-Test|Any CPU.ActiveCfg = Release|Any CPU
		{F9459705-A9C8-4474-A701-F1E444AE3996}.Release-Test|Any CPU.Build.0 = Release|Any CPU
		{3D44A541-1313-45EC-B229-0C5809BC4FA1}.CI|Any CPU.ActiveCfg = Debug|Any CPU
		{3D44A541-1313-45EC-B229-0C5809BC4FA1}.CI|Any CPU.Build.0 = Debug|Any CPU
		{3D44A541-1313-45EC-B229-0C5809BC4FA1}.Debug|Any CPU.ActiveCfg = Debug|Any CPU
		{3D44A541-1313-45EC-B229-0C5809BC4FA1}.Debug|Any CPU.Build.0 = Debug|Any CPU
		{3D44A541-1313-45EC-B229-0C5809BC4FA1}.Release|Any CPU.ActiveCfg = Release|Any CPU
		{3D44A541-1313-45EC-B229-0C5809BC4FA1}.Release|Any CPU.Build.0 = Release|Any CPU
		{3D44A541-1313-45EC-B229-0C5809BC4FA1}.Release-BG-Prod|Any CPU.ActiveCfg = Release|Any CPU
		{3D44A541-1313-45EC-B229-0C5809BC4FA1}.Release-BG-Prod|Any CPU.Build.0 = Release|Any CPU
		{3D44A541-1313-45EC-B229-0C5809BC4FA1}.Release-GE-Prod|Any CPU.ActiveCfg = Release|Any CPU
		{3D44A541-1313-45EC-B229-0C5809BC4FA1}.Release-GE-Prod|Any CPU.Build.0 = Release|Any CPU
		{3D44A541-1313-45EC-B229-0C5809BC4FA1}.Release-Noak-Prod|Any CPU.ActiveCfg = Release|Any CPU
		{3D44A541-1313-45EC-B229-0C5809BC4FA1}.Release-Noak-Prod|Any CPU.Build.0 = Release|Any CPU
		{3D44A541-1313-45EC-B229-0C5809BC4FA1}.Release-QA|Any CPU.ActiveCfg = Release|Any CPU
		{3D44A541-1313-45EC-B229-0C5809BC4FA1}.Release-QA|Any CPU.Build.0 = Release|Any CPU
		{3D44A541-1313-45EC-B229-0C5809BC4FA1}.Release-QA-PSP|Any CPU.ActiveCfg = Release|Any CPU
		{3D44A541-1313-45EC-B229-0C5809BC4FA1}.Release-QA-PSP|Any CPU.Build.0 = Release|Any CPU
		{3D44A541-1313-45EC-B229-0C5809BC4FA1}.Release-QA-Test|Any CPU.ActiveCfg = Release|Any CPU
		{3D44A541-1313-45EC-B229-0C5809BC4FA1}.Release-QA-Test|Any CPU.Build.0 = Release|Any CPU
		{3D44A541-1313-45EC-B229-0C5809BC4FA1}.Release-Test|Any CPU.ActiveCfg = Release|Any CPU
		{3D44A541-1313-45EC-B229-0C5809BC4FA1}.Release-Test|Any CPU.Build.0 = Release|Any CPU
		{FA7064D7-4F4D-42EC-BC99-5E60526A8EFD}.CI|Any CPU.ActiveCfg = Debug|Any CPU
		{FA7064D7-4F4D-42EC-BC99-5E60526A8EFD}.CI|Any CPU.Build.0 = Debug|Any CPU
		{FA7064D7-4F4D-42EC-BC99-5E60526A8EFD}.Debug|Any CPU.ActiveCfg = Debug|Any CPU
		{FA7064D7-4F4D-42EC-BC99-5E60526A8EFD}.Debug|Any CPU.Build.0 = Debug|Any CPU
		{FA7064D7-4F4D-42EC-BC99-5E60526A8EFD}.Release|Any CPU.ActiveCfg = Release|Any CPU
		{FA7064D7-4F4D-42EC-BC99-5E60526A8EFD}.Release|Any CPU.Build.0 = Release|Any CPU
		{FA7064D7-4F4D-42EC-BC99-5E60526A8EFD}.Release-BG-Prod|Any CPU.ActiveCfg = Release|Any CPU
		{FA7064D7-4F4D-42EC-BC99-5E60526A8EFD}.Release-BG-Prod|Any CPU.Build.0 = Release|Any CPU
		{FA7064D7-4F4D-42EC-BC99-5E60526A8EFD}.Release-GE-Prod|Any CPU.ActiveCfg = Release|Any CPU
		{FA7064D7-4F4D-42EC-BC99-5E60526A8EFD}.Release-GE-Prod|Any CPU.Build.0 = Release|Any CPU
		{FA7064D7-4F4D-42EC-BC99-5E60526A8EFD}.Release-Noak-Prod|Any CPU.ActiveCfg = Release|Any CPU
		{FA7064D7-4F4D-42EC-BC99-5E60526A8EFD}.Release-Noak-Prod|Any CPU.Build.0 = Release|Any CPU
		{FA7064D7-4F4D-42EC-BC99-5E60526A8EFD}.Release-QA|Any CPU.ActiveCfg = Release|Any CPU
		{FA7064D7-4F4D-42EC-BC99-5E60526A8EFD}.Release-QA|Any CPU.Build.0 = Release|Any CPU
		{FA7064D7-4F4D-42EC-BC99-5E60526A8EFD}.Release-QA-PSP|Any CPU.ActiveCfg = Release|Any CPU
		{FA7064D7-4F4D-42EC-BC99-5E60526A8EFD}.Release-QA-PSP|Any CPU.Build.0 = Release|Any CPU
		{FA7064D7-4F4D-42EC-BC99-5E60526A8EFD}.Release-QA-Test|Any CPU.ActiveCfg = Release|Any CPU
		{FA7064D7-4F4D-42EC-BC99-5E60526A8EFD}.Release-QA-Test|Any CPU.Build.0 = Release|Any CPU
		{FA7064D7-4F4D-42EC-BC99-5E60526A8EFD}.Release-Test|Any CPU.ActiveCfg = Release|Any CPU
		{FA7064D7-4F4D-42EC-BC99-5E60526A8EFD}.Release-Test|Any CPU.Build.0 = Release|Any CPU
		{9EC13799-48BD-47FA-A0FA-99C1E33C450B}.CI|Any CPU.ActiveCfg = Debug|Any CPU
		{9EC13799-48BD-47FA-A0FA-99C1E33C450B}.CI|Any CPU.Build.0 = Debug|Any CPU
		{9EC13799-48BD-47FA-A0FA-99C1E33C450B}.Debug|Any CPU.ActiveCfg = Debug|Any CPU
		{9EC13799-48BD-47FA-A0FA-99C1E33C450B}.Debug|Any CPU.Build.0 = Debug|Any CPU
		{9EC13799-48BD-47FA-A0FA-99C1E33C450B}.Release|Any CPU.ActiveCfg = Release|Any CPU
		{9EC13799-48BD-47FA-A0FA-99C1E33C450B}.Release|Any CPU.Build.0 = Release|Any CPU
		{9EC13799-48BD-47FA-A0FA-99C1E33C450B}.Release-BG-Prod|Any CPU.ActiveCfg = Release|Any CPU
		{9EC13799-48BD-47FA-A0FA-99C1E33C450B}.Release-BG-Prod|Any CPU.Build.0 = Release|Any CPU
		{9EC13799-48BD-47FA-A0FA-99C1E33C450B}.Release-GE-Prod|Any CPU.ActiveCfg = Release|Any CPU
		{9EC13799-48BD-47FA-A0FA-99C1E33C450B}.Release-GE-Prod|Any CPU.Build.0 = Release|Any CPU
		{9EC13799-48BD-47FA-A0FA-99C1E33C450B}.Release-Noak-Prod|Any CPU.ActiveCfg = Release|Any CPU
		{9EC13799-48BD-47FA-A0FA-99C1E33C450B}.Release-Noak-Prod|Any CPU.Build.0 = Release|Any CPU
		{9EC13799-48BD-47FA-A0FA-99C1E33C450B}.Release-QA|Any CPU.ActiveCfg = Release|Any CPU
		{9EC13799-48BD-47FA-A0FA-99C1E33C450B}.Release-QA|Any CPU.Build.0 = Release|Any CPU
		{9EC13799-48BD-47FA-A0FA-99C1E33C450B}.Release-QA-PSP|Any CPU.ActiveCfg = Release|Any CPU
		{9EC13799-48BD-47FA-A0FA-99C1E33C450B}.Release-QA-PSP|Any CPU.Build.0 = Release|Any CPU
		{9EC13799-48BD-47FA-A0FA-99C1E33C450B}.Release-QA-Test|Any CPU.ActiveCfg = Release|Any CPU
		{9EC13799-48BD-47FA-A0FA-99C1E33C450B}.Release-QA-Test|Any CPU.Build.0 = Release|Any CPU
		{9EC13799-48BD-47FA-A0FA-99C1E33C450B}.Release-Test|Any CPU.ActiveCfg = Release|Any CPU
		{9EC13799-48BD-47FA-A0FA-99C1E33C450B}.Release-Test|Any CPU.Build.0 = Release|Any CPU
		{A5F403FF-4341-43E5-8FBF-1956648A5D89}.CI|Any CPU.ActiveCfg = Debug|Any CPU
		{A5F403FF-4341-43E5-8FBF-1956648A5D89}.CI|Any CPU.Build.0 = Debug|Any CPU
		{A5F403FF-4341-43E5-8FBF-1956648A5D89}.Debug|Any CPU.ActiveCfg = Debug|Any CPU
		{A5F403FF-4341-43E5-8FBF-1956648A5D89}.Debug|Any CPU.Build.0 = Debug|Any CPU
		{A5F403FF-4341-43E5-8FBF-1956648A5D89}.Release|Any CPU.ActiveCfg = Release|Any CPU
		{A5F403FF-4341-43E5-8FBF-1956648A5D89}.Release|Any CPU.Build.0 = Release|Any CPU
		{A5F403FF-4341-43E5-8FBF-1956648A5D89}.Release-BG-Prod|Any CPU.ActiveCfg = Release|Any CPU
		{A5F403FF-4341-43E5-8FBF-1956648A5D89}.Release-BG-Prod|Any CPU.Build.0 = Release|Any CPU
		{A5F403FF-4341-43E5-8FBF-1956648A5D89}.Release-GE-Prod|Any CPU.ActiveCfg = Release|Any CPU
		{A5F403FF-4341-43E5-8FBF-1956648A5D89}.Release-GE-Prod|Any CPU.Build.0 = Release|Any CPU
		{A5F403FF-4341-43E5-8FBF-1956648A5D89}.Release-Noak-Prod|Any CPU.ActiveCfg = Release|Any CPU
		{A5F403FF-4341-43E5-8FBF-1956648A5D89}.Release-Noak-Prod|Any CPU.Build.0 = Release|Any CPU
		{A5F403FF-4341-43E5-8FBF-1956648A5D89}.Release-QA|Any CPU.ActiveCfg = Release|Any CPU
		{A5F403FF-4341-43E5-8FBF-1956648A5D89}.Release-QA|Any CPU.Build.0 = Release|Any CPU
		{A5F403FF-4341-43E5-8FBF-1956648A5D89}.Release-QA-PSP|Any CPU.ActiveCfg = Release|Any CPU
		{A5F403FF-4341-43E5-8FBF-1956648A5D89}.Release-QA-PSP|Any CPU.Build.0 = Release|Any CPU
		{A5F403FF-4341-43E5-8FBF-1956648A5D89}.Release-QA-Test|Any CPU.ActiveCfg = Release|Any CPU
		{A5F403FF-4341-43E5-8FBF-1956648A5D89}.Release-QA-Test|Any CPU.Build.0 = Release|Any CPU
		{A5F403FF-4341-43E5-8FBF-1956648A5D89}.Release-Test|Any CPU.ActiveCfg = Release|Any CPU
		{A5F403FF-4341-43E5-8FBF-1956648A5D89}.Release-Test|Any CPU.Build.0 = Release|Any CPU
		{27E921BB-C010-4B83-9E11-5514BEFDBEF2}.CI|Any CPU.ActiveCfg = Debug|Any CPU
		{27E921BB-C010-4B83-9E11-5514BEFDBEF2}.CI|Any CPU.Build.0 = Debug|Any CPU
		{27E921BB-C010-4B83-9E11-5514BEFDBEF2}.Debug|Any CPU.ActiveCfg = Debug|Any CPU
		{27E921BB-C010-4B83-9E11-5514BEFDBEF2}.Debug|Any CPU.Build.0 = Debug|Any CPU
		{27E921BB-C010-4B83-9E11-5514BEFDBEF2}.Release|Any CPU.ActiveCfg = Release|Any CPU
		{27E921BB-C010-4B83-9E11-5514BEFDBEF2}.Release|Any CPU.Build.0 = Release|Any CPU
		{27E921BB-C010-4B83-9E11-5514BEFDBEF2}.Release-BG-Prod|Any CPU.ActiveCfg = Release|Any CPU
		{27E921BB-C010-4B83-9E11-5514BEFDBEF2}.Release-BG-Prod|Any CPU.Build.0 = Release|Any CPU
		{27E921BB-C010-4B83-9E11-5514BEFDBEF2}.Release-GE-Prod|Any CPU.ActiveCfg = Release|Any CPU
		{27E921BB-C010-4B83-9E11-5514BEFDBEF2}.Release-GE-Prod|Any CPU.Build.0 = Release|Any CPU
		{27E921BB-C010-4B83-9E11-5514BEFDBEF2}.Release-Noak-Prod|Any CPU.ActiveCfg = Release|Any CPU
		{27E921BB-C010-4B83-9E11-5514BEFDBEF2}.Release-Noak-Prod|Any CPU.Build.0 = Release|Any CPU
		{27E921BB-C010-4B83-9E11-5514BEFDBEF2}.Release-QA|Any CPU.ActiveCfg = Release|Any CPU
		{27E921BB-C010-4B83-9E11-5514BEFDBEF2}.Release-QA|Any CPU.Build.0 = Release|Any CPU
		{27E921BB-C010-4B83-9E11-5514BEFDBEF2}.Release-QA-PSP|Any CPU.ActiveCfg = Release|Any CPU
		{27E921BB-C010-4B83-9E11-5514BEFDBEF2}.Release-QA-PSP|Any CPU.Build.0 = Release|Any CPU
		{27E921BB-C010-4B83-9E11-5514BEFDBEF2}.Release-QA-Test|Any CPU.ActiveCfg = Release|Any CPU
		{27E921BB-C010-4B83-9E11-5514BEFDBEF2}.Release-QA-Test|Any CPU.Build.0 = Release|Any CPU
		{27E921BB-C010-4B83-9E11-5514BEFDBEF2}.Release-Test|Any CPU.ActiveCfg = Release|Any CPU
		{27E921BB-C010-4B83-9E11-5514BEFDBEF2}.Release-Test|Any CPU.Build.0 = Release|Any CPU
		{B2CB3A88-AB12-466B-9335-B0D7A48B6782}.CI|Any CPU.ActiveCfg = Debug|Any CPU
		{B2CB3A88-AB12-466B-9335-B0D7A48B6782}.CI|Any CPU.Build.0 = Debug|Any CPU
		{B2CB3A88-AB12-466B-9335-B0D7A48B6782}.Debug|Any CPU.ActiveCfg = Debug|Any CPU
		{B2CB3A88-AB12-466B-9335-B0D7A48B6782}.Debug|Any CPU.Build.0 = Debug|Any CPU
		{B2CB3A88-AB12-466B-9335-B0D7A48B6782}.Release|Any CPU.ActiveCfg = Release|Any CPU
		{B2CB3A88-AB12-466B-9335-B0D7A48B6782}.Release|Any CPU.Build.0 = Release|Any CPU
		{B2CB3A88-AB12-466B-9335-B0D7A48B6782}.Release-BG-Prod|Any CPU.ActiveCfg = Release|Any CPU
		{B2CB3A88-AB12-466B-9335-B0D7A48B6782}.Release-BG-Prod|Any CPU.Build.0 = Release|Any CPU
		{B2CB3A88-AB12-466B-9335-B0D7A48B6782}.Release-GE-Prod|Any CPU.ActiveCfg = Release|Any CPU
		{B2CB3A88-AB12-466B-9335-B0D7A48B6782}.Release-GE-Prod|Any CPU.Build.0 = Release|Any CPU
		{B2CB3A88-AB12-466B-9335-B0D7A48B6782}.Release-Noak-Prod|Any CPU.ActiveCfg = Release|Any CPU
		{B2CB3A88-AB12-466B-9335-B0D7A48B6782}.Release-Noak-Prod|Any CPU.Build.0 = Release|Any CPU
		{B2CB3A88-AB12-466B-9335-B0D7A48B6782}.Release-QA|Any CPU.ActiveCfg = Release|Any CPU
		{B2CB3A88-AB12-466B-9335-B0D7A48B6782}.Release-QA|Any CPU.Build.0 = Release|Any CPU
		{B2CB3A88-AB12-466B-9335-B0D7A48B6782}.Release-QA-PSP|Any CPU.ActiveCfg = Release|Any CPU
		{B2CB3A88-AB12-466B-9335-B0D7A48B6782}.Release-QA-PSP|Any CPU.Build.0 = Release|Any CPU
		{B2CB3A88-AB12-466B-9335-B0D7A48B6782}.Release-QA-Test|Any CPU.ActiveCfg = Release|Any CPU
		{B2CB3A88-AB12-466B-9335-B0D7A48B6782}.Release-QA-Test|Any CPU.Build.0 = Release|Any CPU
		{B2CB3A88-AB12-466B-9335-B0D7A48B6782}.Release-Test|Any CPU.ActiveCfg = Release|Any CPU
		{B2CB3A88-AB12-466B-9335-B0D7A48B6782}.Release-Test|Any CPU.Build.0 = Release|Any CPU
		{18CE71E0-BCE4-46E9-B387-A8891111FF5A}.CI|Any CPU.ActiveCfg = Debug|Any CPU
		{18CE71E0-BCE4-46E9-B387-A8891111FF5A}.CI|Any CPU.Build.0 = Debug|Any CPU
		{18CE71E0-BCE4-46E9-B387-A8891111FF5A}.Debug|Any CPU.ActiveCfg = Debug|Any CPU
		{18CE71E0-BCE4-46E9-B387-A8891111FF5A}.Debug|Any CPU.Build.0 = Debug|Any CPU
		{18CE71E0-BCE4-46E9-B387-A8891111FF5A}.Release|Any CPU.ActiveCfg = Release|Any CPU
		{18CE71E0-BCE4-46E9-B387-A8891111FF5A}.Release|Any CPU.Build.0 = Release|Any CPU
		{18CE71E0-BCE4-46E9-B387-A8891111FF5A}.Release-BG-Prod|Any CPU.ActiveCfg = Release|Any CPU
		{18CE71E0-BCE4-46E9-B387-A8891111FF5A}.Release-BG-Prod|Any CPU.Build.0 = Release|Any CPU
		{18CE71E0-BCE4-46E9-B387-A8891111FF5A}.Release-GE-Prod|Any CPU.ActiveCfg = Release|Any CPU
		{18CE71E0-BCE4-46E9-B387-A8891111FF5A}.Release-GE-Prod|Any CPU.Build.0 = Release|Any CPU
		{18CE71E0-BCE4-46E9-B387-A8891111FF5A}.Release-Noak-Prod|Any CPU.ActiveCfg = Release|Any CPU
		{18CE71E0-BCE4-46E9-B387-A8891111FF5A}.Release-Noak-Prod|Any CPU.Build.0 = Release|Any CPU
		{18CE71E0-BCE4-46E9-B387-A8891111FF5A}.Release-QA|Any CPU.ActiveCfg = Release|Any CPU
		{18CE71E0-BCE4-46E9-B387-A8891111FF5A}.Release-QA|Any CPU.Build.0 = Release|Any CPU
		{18CE71E0-BCE4-46E9-B387-A8891111FF5A}.Release-QA-PSP|Any CPU.ActiveCfg = Release|Any CPU
		{18CE71E0-BCE4-46E9-B387-A8891111FF5A}.Release-QA-PSP|Any CPU.Build.0 = Release|Any CPU
		{18CE71E0-BCE4-46E9-B387-A8891111FF5A}.Release-QA-Test|Any CPU.ActiveCfg = Release|Any CPU
		{18CE71E0-BCE4-46E9-B387-A8891111FF5A}.Release-QA-Test|Any CPU.Build.0 = Release|Any CPU
		{18CE71E0-BCE4-46E9-B387-A8891111FF5A}.Release-Test|Any CPU.ActiveCfg = Release|Any CPU
		{18CE71E0-BCE4-46E9-B387-A8891111FF5A}.Release-Test|Any CPU.Build.0 = Release|Any CPU
		{1ECAB889-8A89-4B66-9AAC-6AFC8D9FB930}.CI|Any CPU.ActiveCfg = CI|Any CPU
		{1ECAB889-8A89-4B66-9AAC-6AFC8D9FB930}.CI|Any CPU.Build.0 = CI|Any CPU
		{1ECAB889-8A89-4B66-9AAC-6AFC8D9FB930}.Debug|Any CPU.ActiveCfg = Debug|Any CPU
		{1ECAB889-8A89-4B66-9AAC-6AFC8D9FB930}.Debug|Any CPU.Build.0 = Debug|Any CPU
		{1ECAB889-8A89-4B66-9AAC-6AFC8D9FB930}.Release|Any CPU.ActiveCfg = Release|Any CPU
		{1ECAB889-8A89-4B66-9AAC-6AFC8D9FB930}.Release|Any CPU.Build.0 = Release|Any CPU
		{1ECAB889-8A89-4B66-9AAC-6AFC8D9FB930}.Release-BG-Prod|Any CPU.ActiveCfg = Release|Any CPU
		{1ECAB889-8A89-4B66-9AAC-6AFC8D9FB930}.Release-BG-Prod|Any CPU.Build.0 = Release|Any CPU
		{1ECAB889-8A89-4B66-9AAC-6AFC8D9FB930}.Release-GE-Prod|Any CPU.ActiveCfg = Release|Any CPU
		{1ECAB889-8A89-4B66-9AAC-6AFC8D9FB930}.Release-GE-Prod|Any CPU.Build.0 = Release|Any CPU
		{1ECAB889-8A89-4B66-9AAC-6AFC8D9FB930}.Release-Noak-Prod|Any CPU.ActiveCfg = Release|Any CPU
		{1ECAB889-8A89-4B66-9AAC-6AFC8D9FB930}.Release-Noak-Prod|Any CPU.Build.0 = Release|Any CPU
		{1ECAB889-8A89-4B66-9AAC-6AFC8D9FB930}.Release-QA|Any CPU.ActiveCfg = Release|Any CPU
		{1ECAB889-8A89-4B66-9AAC-6AFC8D9FB930}.Release-QA|Any CPU.Build.0 = Release|Any CPU
		{1ECAB889-8A89-4B66-9AAC-6AFC8D9FB930}.Release-QA-PSP|Any CPU.ActiveCfg = Release|Any CPU
		{1ECAB889-8A89-4B66-9AAC-6AFC8D9FB930}.Release-QA-PSP|Any CPU.Build.0 = Release|Any CPU
		{1ECAB889-8A89-4B66-9AAC-6AFC8D9FB930}.Release-QA-Test|Any CPU.ActiveCfg = Release|Any CPU
		{1ECAB889-8A89-4B66-9AAC-6AFC8D9FB930}.Release-QA-Test|Any CPU.Build.0 = Release|Any CPU
		{1ECAB889-8A89-4B66-9AAC-6AFC8D9FB930}.Release-Test|Any CPU.ActiveCfg = Release|Any CPU
		{1ECAB889-8A89-4B66-9AAC-6AFC8D9FB930}.Release-Test|Any CPU.Build.0 = Release|Any CPU
	EndGlobalSection
	GlobalSection(SolutionProperties) = preSolution
		HideSolutionNode = FALSE
	EndGlobalSection
	GlobalSection(NestedProjects) = preSolution
		{93F055D8-668A-48EB-9019-6980B8A04C42} = {40D6E47D-7A18-4922-8D3F-26EC557D84D5}
		{435B67C4-3072-4E64-A546-B6E66FD0C622} = {40D6E47D-7A18-4922-8D3F-26EC557D84D5}
		{C215DB0F-9D33-48DC-8FC7-4CC347C13A1C} = {40D6E47D-7A18-4922-8D3F-26EC557D84D5}
		{93195B8E-FEE3-412A-9FDF-49CDDCA6B884} = {40D6E47D-7A18-4922-8D3F-26EC557D84D5}
		{F9459705-A9C8-4474-A701-F1E444AE3996} = {40D6E47D-7A18-4922-8D3F-26EC557D84D5}
		{FA7064D7-4F4D-42EC-BC99-5E60526A8EFD} = {40D6E47D-7A18-4922-8D3F-26EC557D84D5}
		{A5F403FF-4341-43E5-8FBF-1956648A5D89} = {40D6E47D-7A18-4922-8D3F-26EC557D84D5}
		{B2CB3A88-AB12-466B-9335-B0D7A48B6782} = {40D6E47D-7A18-4922-8D3F-26EC557D84D5}
		{18CE71E0-BCE4-46E9-B387-A8891111FF5A} = {40D6E47D-7A18-4922-8D3F-26EC557D84D5}
	EndGlobalSection
	GlobalSection(ExtensibilityGlobals) = postSolution
		SolutionGuid = {348F33A3-30CF-438E-863D-851354F9833E}
		EnterpriseLibraryConfigurationToolBinariesPathV6 = packages\EnterpriseLibrary.Common.6.0.1304.0\lib\NET45;packages\EnterpriseLibrary.Data.6.0.1304.0\lib\NET45;packages\EnterpriseLibrary.ExceptionHandling.6.0.1304.0\lib\NET45;packages\EnterpriseLibrary.Logging.6.0.1304.0\lib\NET45;packages\EnterpriseLibrary.Validation.6.0.1304.0\lib\NET45
	EndGlobalSection
EndGlobal
